
Microsoft Visual Studio Solution File, Format Version 12.00
# Visual Studio 2013
VisualStudioVersion = 12.0.31101.0
MinimumVisualStudioVersion = 10.0.40219.1
Project("{8BC9CEB8-8B4A-11D0-8D11-00A0C91BC942}") = "Lab1Pure", "Lab1Pure\Lab1Pure.vcxproj", "{BE515C72-A2AC-4AA1-AE51-394F6AD9D683}"
EndProject
Project("{8BC9CEB8-8B4A-11D0-8D11-00A0C91BC942}") = "WinApiWrap", "WinApiWrap\WinApiWrap.vcxproj", "{B7E26802-9784-4F2A-B9FC-D8470F8FBE09}"
EndProject
Project("{8BC9CEB8-8B4A-11D0-8D11-00A0C91BC942}") = "TemplateApp", "TemplateApp\TemplateApp.vcxproj", "{142F1906-0ED5-4B0F-A814-5E72009E2A92}"
EndProject
Project("{8BC9CEB8-8B4A-11D0-8D11-00A0C91BC942}") = "Lab1", "Lab1\Lab1.vcxproj", "{1EB1FFB4-5929-4EC7-9A8B-2DCEB5F44135}"
EndProject
Project("{8BC9CEB8-8B4A-11D0-8D11-00A0C91BC942}") = "Lab2", "Lab2\Lab2.vcxproj", "{AD212BB9-8F34-4D03-A72A-3122C242EE21}"
EndProject
Project("{8BC9CEB8-8B4A-11D0-8D11-00A0C91BC942}") = "Lab3", "Lab3\Lab3.vcxproj", "{2AC5B83B-E640-4899-8E7B-326C359565A3}"
EndProject
Project("{8BC9CEB8-8B4A-11D0-8D11-00A0C91BC942}") = "Lab4", "Lab4\Lab4.vcxproj", "{83F98E2A-8AD8-4AEA-A851-7BEF250BD8AC}"
EndProject
Project("{8BC9CEB8-8B4A-11D0-8D11-00A0C91BC942}") = "Lab5Master", "Lab5Master\Lab5Master.vcxproj", "{6C42B9F2-F444-4AA7-9781-0CF6FE18D64A}"
EndProject
Project("{8BC9CEB8-8B4A-11D0-8D11-00A0C91BC942}") = "Lab5Slave", "Lab5Slave\Lab5Slave.vcxproj", "{D89EE036-319B-4A7B-91A3-D1186FAFCBDA}"
EndProject
Project("{8BC9CEB8-8B4A-11D0-8D11-00A0C91BC942}") = "Lab6", "Lab6\Lab6.vcxproj", "{6FFEB6EA-432F-477A-ACE5-CA500C07FA70}"
EndProject
Global
	GlobalSection(SolutionConfigurationPlatforms) = preSolution
		Debug|Win32 = Debug|Win32
		Release|Win32 = Release|Win32
	EndGlobalSection
	GlobalSection(ProjectConfigurationPlatforms) = postSolution
		{BE515C72-A2AC-4AA1-AE51-394F6AD9D683}.Debug|Win32.ActiveCfg = Debug|Win32
		{BE515C72-A2AC-4AA1-AE51-394F6AD9D683}.Debug|Win32.Build.0 = Debug|Win32
		{BE515C72-A2AC-4AA1-AE51-394F6AD9D683}.Release|Win32.ActiveCfg = Release|Win32
		{BE515C72-A2AC-4AA1-AE51-394F6AD9D683}.Release|Win32.Build.0 = Release|Win32
		{B7E26802-9784-4F2A-B9FC-D8470F8FBE09}.Debug|Win32.ActiveCfg = Debug|Win32
		{B7E26802-9784-4F2A-B9FC-D8470F8FBE09}.Debug|Win32.Build.0 = Debug|Win32
		{B7E26802-9784-4F2A-B9FC-D8470F8FBE09}.Release|Win32.ActiveCfg = Release|Win32
		{B7E26802-9784-4F2A-B9FC-D8470F8FBE09}.Release|Win32.Build.0 = Release|Win32
		{142F1906-0ED5-4B0F-A814-5E72009E2A92}.Debug|Win32.ActiveCfg = Debug|Win32
		{142F1906-0ED5-4B0F-A814-5E72009E2A92}.Debug|Win32.Build.0 = Debug|Win32
		{142F1906-0ED5-4B0F-A814-5E72009E2A92}.Release|Win32.ActiveCfg = Release|Win32
		{142F1906-0ED5-4B0F-A814-5E72009E2A92}.Release|Win32.Build.0 = Release|Win32
		{1EB1FFB4-5929-4EC7-9A8B-2DCEB5F44135}.Debug|Win32.ActiveCfg = Debug|Win32
		{1EB1FFB4-5929-4EC7-9A8B-2DCEB5F44135}.Debug|Win32.Build.0 = Debug|Win32
		{1EB1FFB4-5929-4EC7-9A8B-2DCEB5F44135}.Release|Win32.ActiveCfg = Release|Win32
		{1EB1FFB4-5929-4EC7-9A8B-2DCEB5F44135}.Release|Win32.Build.0 = Release|Win32
		{AD212BB9-8F34-4D03-A72A-3122C242EE21}.Debug|Win32.ActiveCfg = Debug|Win32
		{AD212BB9-8F34-4D03-A72A-3122C242EE21}.Debug|Win32.Build.0 = Debug|Win32
		{AD212BB9-8F34-4D03-A72A-3122C242EE21}.Release|Win32.ActiveCfg = Release|Win32
		{AD212BB9-8F34-4D03-A72A-3122C242EE21}.Release|Win32.Build.0 = Release|Win32
		{2AC5B83B-E640-4899-8E7B-326C359565A3}.Debug|Win32.ActiveCfg = Debug|Win32
		{2AC5B83B-E640-4899-8E7B-326C359565A3}.Debug|Win32.Build.0 = Debug|Win32
		{2AC5B83B-E640-4899-8E7B-326C359565A3}.Release|Win32.ActiveCfg = Release|Win32
		{2AC5B83B-E640-4899-8E7B-326C359565A3}.Release|Win32.Build.0 = Release|Win32
		{83F98E2A-8AD8-4AEA-A851-7BEF250BD8AC}.Debug|Win32.ActiveCfg = Debug|Win32
		{83F98E2A-8AD8-4AEA-A851-7BEF250BD8AC}.Debug|Win32.Build.0 = Debug|Win32
		{83F98E2A-8AD8-4AEA-A851-7BEF250BD8AC}.Release|Win32.ActiveCfg = Release|Win32
		{83F98E2A-8AD8-4AEA-A851-7BEF250BD8AC}.Release|Win32.Build.0 = Release|Win32
		{6C42B9F2-F444-4AA7-9781-0CF6FE18D64A}.Debug|Win32.ActiveCfg = Debug|Win32
		{6C42B9F2-F444-4AA7-9781-0CF6FE18D64A}.Debug|Win32.Build.0 = Debug|Win32
		{6C42B9F2-F444-4AA7-9781-0CF6FE18D64A}.Release|Win32.ActiveCfg = Release|Win32
		{6C42B9F2-F444-4AA7-9781-0CF6FE18D64A}.Release|Win32.Build.0 = Release|Win32
		{D89EE036-319B-4A7B-91A3-D1186FAFCBDA}.Debug|Win32.ActiveCfg = Debug|Win32
		{D89EE036-319B-4A7B-91A3-D1186FAFCBDA}.Debug|Win32.Build.0 = Debug|Win32
		{D89EE036-319B-4A7B-91A3-D1186FAFCBDA}.Release|Win32.ActiveCfg = Release|Win32
		{D89EE036-319B-4A7B-91A3-D1186FAFCBDA}.Release|Win32.Build.0 = Release|Win32
		{6FFEB6EA-432F-477A-ACE5-CA500C07FA70}.Debug|Win32.ActiveCfg = Debug|Win32
		{6FFEB6EA-432F-477A-ACE5-CA500C07FA70}.Debug|Win32.Build.0 = Debug|Win32
		{6FFEB6EA-432F-477A-ACE5-CA500C07FA70}.Release|Win32.ActiveCfg = Release|Win32
		{6FFEB6EA-432F-477A-ACE5-CA500C07FA70}.Release|Win32.Build.0 = Release|Win32
	EndGlobalSection
	GlobalSection(SolutionProperties) = preSolution
		HideSolutionNode = FALSE
	EndGlobalSection
EndGlobal
